// !$*UTF8*$!
{
	archiveVersion = 1;
	classes = {
	};
	objectVersion = 46;
	objects = {

/* Begin PBXBuildFile section */
		FB6CA1D618D5B7F500CC9538 /* Foundation.framework in Frameworks */ = {isa = PBXBuildFile; fileRef = FB6CA1D518D5B7F500CC9538 /* Foundation.framework */; };
		FB6CA1D818D5B7F500CC9538 /* CoreGraphics.framework in Frameworks */ = {isa = PBXBuildFile; fileRef = FB6CA1D718D5B7F500CC9538 /* CoreGraphics.framework */; };
		FB6CA1DA18D5B7F500CC9538 /* UIKit.framework in Frameworks */ = {isa = PBXBuildFile; fileRef = FB6CA1D918D5B7F500CC9538 /* UIKit.framework */; };
		FB6CA1E018D5B7F500CC9538 /* InfoPlist.strings in Resources */ = {isa = PBXBuildFile; fileRef = FB6CA1DE18D5B7F500CC9538 /* InfoPlist.strings */; };
		FB6CA1E218D5B7F500CC9538 /* main.m in Sources */ = {isa = PBXBuildFile; fileRef = FB6CA1E118D5B7F500CC9538 /* main.m */; };
		FB6CA1E618D5B7F500CC9538 /* AppDelegate.m in Sources */ = {isa = PBXBuildFile; fileRef = FB6CA1E518D5B7F500CC9538 /* AppDelegate.m */; };
		FB6CA1E918D5B7F500CC9538 /* Main.storyboard in Resources */ = {isa = PBXBuildFile; fileRef = FB6CA1E718D5B7F500CC9538 /* Main.storyboard */; };
		FB6CA1EC18D5B7F500CC9538 /* ViewController.m in Sources */ = {isa = PBXBuildFile; fileRef = FB6CA1EB18D5B7F500CC9538 /* ViewController.m */; };
		FB6CA1EE18D5B7F500CC9538 /* Images.xcassets in Resources */ = {isa = PBXBuildFile; fileRef = FB6CA1ED18D5B7F500CC9538 /* Images.xcassets */; };
		FB6CA1F518D5B7F500CC9538 /* XCTest.framework in Frameworks */ = {isa = PBXBuildFile; fileRef = FB6CA1F418D5B7F500CC9538 /* XCTest.framework */; };
		FB6CA1F618D5B7F500CC9538 /* Foundation.framework in Frameworks */ = {isa = PBXBuildFile; fileRef = FB6CA1D518D5B7F500CC9538 /* Foundation.framework */; };
		FB6CA1F718D5B7F500CC9538 /* UIKit.framework in Frameworks */ = {isa = PBXBuildFile; fileRef = FB6CA1D918D5B7F500CC9538 /* UIKit.framework */; };
		FB6CA1FF18D5B7F500CC9538 /* InfoPlist.strings in Resources */ = {isa = PBXBuildFile; fileRef = FB6CA1FD18D5B7F500CC9538 /* InfoPlist.strings */; };
		FB6CA20118D5B7F500CC9538 /* i2048Tests.m in Sources */ = {isa = PBXBuildFile; fileRef = FB6CA20018D5B7F500CC9538 /* i2048Tests.m */; };
/* End PBXBuildFile section */

/* Begin PBXContainerItemProxy section */
		FB6CA1F818D5B7F500CC9538 /* PBXContainerItemProxy */ = {
			isa = PBXContainerItemProxy;
			containerPortal = FB6CA1CA18D5B7F500CC9538 /* Project object */;
			proxyType = 1;
			remoteGlobalIDString = FB6CA1D118D5B7F500CC9538;
			remoteInfo = i2048;
		};
/* End PBXContainerItemProxy section */

/* Begin PBXFileReference section */
		FB6CA1D218D5B7F500CC9538 /* i2048.app */ = {isa = PBXFileReference; explicitFileType = wrapper.application; includeInIndex = 0; path = i2048.app; sourceTree = BUILT_PRODUCTS_DIR; };
		FB6CA1D518D5B7F500CC9538 /* Foundation.framework */ = {isa = PBXFileReference; lastKnownFileType = wrapper.framework; name = Foundation.framework; path = System/Library/Frameworks/Foundation.framework; sourceTree = SDKROOT; };
		FB6CA1D718D5B7F500CC9538 /* CoreGraphics.framework */ = {isa = PBXFileReference; lastKnownFileType = wrapper.framework; name = CoreGraphics.framework; path = System/Library/Frameworks/CoreGraphics.framework; sourceTree = SDKROOT; };
		FB6CA1D918D5B7F500CC9538 /* UIKit.framework */ = {isa = PBXFileReference; lastKnownFileType = wrapper.framework; name = UIKit.framework; path = System/Library/Frameworks/UIKit.framework; sourceTree = SDKROOT; };
		FB6CA1DD18D5B7F500CC9538 /* i2048-Info.plist */ = {isa = PBXFileReference; lastKnownFileType = text.plist.xml; path = "i2048-Info.plist"; sourceTree = "<group>"; };
		FB6CA1DF18D5B7F500CC9538 /* en */ = {isa = PBXFileReference; lastKnownFileType = text.plist.strings; name = en; path = en.lproj/InfoPlist.strings; sourceTree = "<group>"; };
		FB6CA1E118D5B7F500CC9538 /* main.m */ = {isa = PBXFileReference; lastKnownFileType = sourcecode.c.objc; path = main.m; sourceTree = "<group>"; };
		FB6CA1E318D5B7F500CC9538 /* i2048-Prefix.pch */ = {isa = PBXFileReference; lastKnownFileType = sourcecode.c.h; path = "i2048-Prefix.pch"; sourceTree = "<group>"; };
		FB6CA1E418D5B7F500CC9538 /* AppDelegate.h */ = {isa = PBXFileReference; lastKnownFileType = sourcecode.c.h; path = AppDelegate.h; sourceTree = "<group>"; };
		FB6CA1E518D5B7F500CC9538 /* AppDelegate.m */ = {isa = PBXFileReference; lastKnownFileType = sourcecode.c.objc; path = AppDelegate.m; sourceTree = "<group>"; };
		FB6CA1E818D5B7F500CC9538 /* Base */ = {isa = PBXFileReference; lastKnownFileType = file.storyboard; name = Base; path = Base.lproj/Main.storyboard; sourceTree = "<group>"; };
		FB6CA1EA18D5B7F500CC9538 /* ViewController.h */ = {isa = PBXFileReference; lastKnownFileType = sourcecode.c.h; path = ViewController.h; sourceTree = "<group>"; };
		FB6CA1EB18D5B7F500CC9538 /* ViewController.m */ = {isa = PBXFileReference; lastKnownFileType = sourcecode.c.objc; path = ViewController.m; sourceTree = "<group>"; };
		FB6CA1ED18D5B7F500CC9538 /* Images.xcassets */ = {isa = PBXFileReference; lastKnownFileType = folder.assetcatalog; path = Images.xcassets; sourceTree = "<group>"; };
		FB6CA1F318D5B7F500CC9538 /* i2048Tests.xctest */ = {isa = PBXFileReference; explicitFileType = wrapper.cfbundle; includeInIndex = 0; path = i2048Tests.xctest; sourceTree = BUILT_PRODUCTS_DIR; };
		FB6CA1F418D5B7F500CC9538 /* XCTest.framework */ = {isa = PBXFileReference; lastKnownFileType = wrapper.framework; name = XCTest.framework; path = Library/Frameworks/XCTest.framework; sourceTree = DEVELOPER_DIR; };
		FB6CA1FC18D5B7F500CC9538 /* i2048Tests-Info.plist */ = {isa = PBXFileReference; lastKnownFileType = text.plist.xml; path = "i2048Tests-Info.plist"; sourceTree = "<group>"; };
		FB6CA1FE18D5B7F500CC9538 /* en */ = {isa = PBXFileReference; lastKnownFileType = text.plist.strings; name = en; path = en.lproj/InfoPlist.strings; sourceTree = "<group>"; };
		FB6CA20018D5B7F500CC9538 /* i2048Tests.m */ = {isa = PBXFileReference; lastKnownFileType = sourcecode.c.objc; path = i2048Tests.m; sourceTree = "<group>"; };
/* End PBXFileReference section */

/* Begin PBXFrameworksBuildPhase section */
		FB6CA1CF18D5B7F500CC9538 /* Frameworks */ = {
			isa = PBXFrameworksBuildPhase;
			buildActionMask = 2147483647;
			files = (
				FB6CA1D818D5B7F500CC9538 /* CoreGraphics.framework in Frameworks */,
				FB6CA1DA18D5B7F500CC9538 /* UIKit.framework in Frameworks */,
				FB6CA1D618D5B7F500CC9538 /* Foundation.framework in Frameworks */,
			);
			runOnlyForDeploymentPostprocessing = 0;
		};
		FB6CA1F018D5B7F500CC9538 /* Frameworks */ = {
			isa = PBXFrameworksBuildPhase;
			buildActionMask = 2147483647;
			files = (
				FB6CA1F518D5B7F500CC9538 /* XCTest.framework in Frameworks */,
				FB6CA1F718D5B7F500CC9538 /* UIKit.framework in Frameworks */,
				FB6CA1F618D5B7F500CC9538 /* Foundation.framework in Frameworks */,
			);
			runOnlyForDeploymentPostprocessing = 0;
		};
/* End PBXFrameworksBuildPhase section */

/* Begin PBXGroup section */
		FB6CA1C918D5B7F500CC9538 = {
			isa = PBXGroup;
			children = (
				FB6CA1DB18D5B7F500CC9538 /* i2048 */,
				FB6CA1FA18D5B7F500CC9538 /* i2048Tests */,
				FB6CA1D418D5B7F500CC9538 /* Frameworks */,
				FB6CA1D318D5B7F500CC9538 /* Products */,
			);
			sourceTree = "<group>";
		};
		FB6CA1D318D5B7F500CC9538 /* Products */ = {
			isa = PBXGroup;
			children = (
				FB6CA1D218D5B7F500CC9538 /* i2048.app */,
				FB6CA1F318D5B7F500CC9538 /* i2048Tests.xctest */,
			);
			name = Products;
			sourceTree = "<group>";
		};
		FB6CA1D418D5B7F500CC9538 /* Frameworks */ = {
			isa = PBXGroup;
			children = (
				FB6CA1D518D5B7F500CC9538 /* Foundation.framework */,
				FB6CA1D718D5B7F500CC9538 /* CoreGraphics.framework */,
				FB6CA1D918D5B7F500CC9538 /* UIKit.framework */,
				FB6CA1F418D5B7F500CC9538 /* XCTest.framework */,
			);
			name = Frameworks;
			sourceTree = "<group>";
		};
		FB6CA1DB18D5B7F500CC9538 /* i2048 */ = {
			isa = PBXGroup;
			children = (
				FB6CA1E418D5B7F500CC9538 /* AppDelegate.h */,
				FB6CA1E518D5B7F500CC9538 /* AppDelegate.m */,
				FB6CA1E718D5B7F500CC9538 /* Main.storyboard */,
				FB6CA1EA18D5B7F500CC9538 /* ViewController.h */,
				FB6CA1EB18D5B7F500CC9538 /* ViewController.m */,
				FB6CA1ED18D5B7F500CC9538 /* Images.xcassets */,
				FB6CA1DC18D5B7F500CC9538 /* Supporting Files */,
			);
			path = i2048;
			sourceTree = "<group>";
		};
		FB6CA1DC18D5B7F500CC9538 /* Supporting Files */ = {
			isa = PBXGroup;
			children = (
				FB6CA1DD18D5B7F500CC9538 /* i2048-Info.plist */,
				FB6CA1DE18D5B7F500CC9538 /* InfoPlist.strings */,
				FB6CA1E118D5B7F500CC9538 /* main.m */,
				FB6CA1E318D5B7F500CC9538 /* i2048-Prefix.pch */,
			);
			name = "Supporting Files";
			sourceTree = "<group>";
		};
		FB6CA1FA18D5B7F500CC9538 /* i2048Tests */ = {
			isa = PBXGroup;
			children = (
				FB6CA20018D5B7F500CC9538 /* i2048Tests.m */,
				FB6CA1FB18D5B7F500CC9538 /* Supporting Files */,
			);
			path = i2048Tests;
			sourceTree = "<group>";
		};
		FB6CA1FB18D5B7F500CC9538 /* Supporting Files */ = {
			isa = PBXGroup;
			children = (
				FB6CA1FC18D5B7F500CC9538 /* i2048Tests-Info.plist */,
				FB6CA1FD18D5B7F500CC9538 /* InfoPlist.strings */,
			);
			name = "Supporting Files";
			sourceTree = "<group>";
		};
/* End PBXGroup section */

/* Begin PBXNativeTarget section */
		FB6CA1D118D5B7F500CC9538 /* i2048 */ = {
			isa = PBXNativeTarget;
			buildConfigurationList = FB6CA20418D5B7F500CC9538 /* Build configuration list for PBXNativeTarget "i2048" */;
			buildPhases = (
				FB6CA1CE18D5B7F500CC9538 /* Sources */,
				FB6CA1CF18D5B7F500CC9538 /* Frameworks */,
				FB6CA1D018D5B7F500CC9538 /* Resources */,
			);
			buildRules = (
			);
			dependencies = (
			);
			name = i2048;
			productName = i2048;
			productReference = FB6CA1D218D5B7F500CC9538 /* i2048.app */;
			productType = "com.apple.product-type.application";
		};
		FB6CA1F218D5B7F500CC9538 /* i2048Tests */ = {
			isa = PBXNativeTarget;
			buildConfigurationList = FB6CA20718D5B7F500CC9538 /* Build configuration list for PBXNativeTarget "i2048Tests" */;
			buildPhases = (
				FB6CA1EF18D5B7F500CC9538 /* Sources */,
				FB6CA1F018D5B7F500CC9538 /* Frameworks */,
				FB6CA1F118D5B7F500CC9538 /* Resources */,
			);
			buildRules = (
			);
			dependencies = (
				FB6CA1F918D5B7F500CC9538 /* PBXTargetDependency */,
			);
			name = i2048Tests;
			productName = i2048Tests;
			productReference = FB6CA1F318D5B7F500CC9538 /* i2048Tests.xctest */;
			productType = "com.apple.product-type.bundle.unit-test";
		};
/* End PBXNativeTarget section */

/* Begin PBXProject section */
		FB6CA1CA18D5B7F500CC9538 /* Project object */ = {
			isa = PBXProject;
			attributes = {
				LastUpgradeCheck = 0510;
				ORGANIZATIONNAME = 1010.am;
				TargetAttributes = {
					FB6CA1F218D5B7F500CC9538 = {
						TestTargetID = FB6CA1D118D5B7F500CC9538;
					};
				};
			};
			buildConfigurationList = FB6CA1CD18D5B7F500CC9538 /* Build configuration list for PBXProject "i2048" */;
			compatibilityVersion = "Xcode 3.2";
			developmentRegion = English;
			hasScannedForEncodings = 0;
			knownRegions = (
				en,
				Base,
			);
			mainGroup = FB6CA1C918D5B7F500CC9538;
			productRefGroup = FB6CA1D318D5B7F500CC9538 /* Products */;
			projectDirPath = "";
			projectRoot = "";
			targets = (
				FB6CA1D118D5B7F500CC9538 /* i2048 */,
				FB6CA1F218D5B7F500CC9538 /* i2048Tests */,
			);
		};
/* End PBXProject section */

/* Begin PBXResourcesBuildPhase section */
		FB6CA1D018D5B7F500CC9538 /* Resources */ = {
			isa = PBXResourcesBuildPhase;
			buildActionMask = 2147483647;
			files = (
				FB6CA1EE18D5B7F500CC9538 /* Images.xcassets in Resources */,
				FB6CA1E018D5B7F500CC9538 /* InfoPlist.strings in Resources */,
				FB6CA1E918D5B7F500CC9538 /* Main.storyboard in Resources */,
			);
			runOnlyForDeploymentPostprocessing = 0;
		};
		FB6CA1F118D5B7F500CC9538 /* Resources */ = {
			isa = PBXResourcesBuildPhase;
			buildActionMask = 2147483647;
			files = (
				FB6CA1FF18D5B7F500CC9538 /* InfoPlist.strings in Resources */,
			);
			runOnlyForDeploymentPostprocessing = 0;
		};
/* End PBXResourcesBuildPhase section */

/* Begin PBXSourcesBuildPhase section */
		FB6CA1CE18D5B7F500CC9538 /* Sources */ = {
			isa = PBXSourcesBuildPhase;
			buildActionMask = 2147483647;
			files = (
				FB6CA1EC18D5B7F500CC9538 /* ViewController.m in Sources */,
				FB6CA1E618D5B7F500CC9538 /* AppDelegate.m in Sources */,
				FB6CA1E218D5B7F500CC9538 /* main.m in Sources */,
			);
			runOnlyForDeploymentPostprocessing = 0;
		};
		FB6CA1EF18D5B7F500CC9538 /* Sources */ = {
			isa = PBXSourcesBuildPhase;
			buildActionMask = 2147483647;
			files = (
				FB6CA20118D5B7F500CC9538 /* i2048Tests.m in Sources */,
			);
			runOnlyForDeploymentPostprocessing = 0;
		};
/* End PBXSourcesBuildPhase section */

/* Begin PBXTargetDependency section */
		FB6CA1F918D5B7F500CC9538 /* PBXTargetDependency */ = {
			isa = PBXTargetDependency;
			target = FB6CA1D118D5B7F500CC9538 /* i2048 */;
			targetProxy = FB6CA1F818D5B7F500CC9538 /* PBXContainerItemProxy */;
		};
/* End PBXTargetDependency section */

/* Begin PBXVariantGroup section */
		FB6CA1DE18D5B7F500CC9538 /* InfoPlist.strings */ = {
			isa = PBXVariantGroup;
			children = (
				FB6CA1DF18D5B7F500CC9538 /* en */,
			);
			name = InfoPlist.strings;
			sourceTree = "<group>";
		};
		FB6CA1E718D5B7F500CC9538 /* Main.storyboard */ = {
			isa = PBXVariantGroup;
			children = (
				FB6CA1E818D5B7F500CC9538 /* Base */,
			);
			name = Main.storyboard;
			sourceTree = "<group>";
		};
		FB6CA1FD18D5B7F500CC9538 /* InfoPlist.strings */ = {
			isa = PBXVariantGroup;
			children = (
				FB6CA1FE18D5B7F500CC9538 /* en */,
			);
			name = InfoPlist.strings;
			sourceTree = "<group>";
		};
/* End PBXVariantGroup section */

/* Begin XCBuildConfiguration section */
		FB6CA20218D5B7F500CC9538 /* Debug */ = {
			isa = XCBuildConfiguration;
			buildSettings = {
				ALWAYS_SEARCH_USER_PATHS = NO;
				CLANG_CXX_LANGUAGE_STANDARD = "gnu++0x";
				CLANG_CXX_LIBRARY = "libc++";
				CLANG_ENABLE_MODULES = YES;
				CLANG_ENABLE_OBJC_ARC = YES;
				CLANG_WARN_BOOL_CONVERSION = YES;
				CLANG_WARN_CONSTANT_CONVERSION = YES;
				CLANG_WARN_DIRECT_OBJC_ISA_USAGE = YES_ERROR;
				CLANG_WARN_EMPTY_BODY = YES;
				CLANG_WARN_ENUM_CONVERSION = YES;
				CLANG_WARN_INT_CONVERSION = YES;
				CLANG_WARN_OBJC_ROOT_CLASS = YES_ERROR;
				CLANG_WARN__DUPLICATE_METHOD_MATCH = YES;
				"CODE_SIGN_IDENTITY[sdk=iphoneos*]" = "iPhone Developer";
				COPY_PHASE_STRIP = NO;
				GCC_C_LANGUAGE_STANDARD = gnu99;
				GCC_DYNAMIC_NO_PIC = NO;
				GCC_OPTIMIZATION_LEVEL = 0;
				GCC_PREPROCESSOR_DEFINITIONS = (
					"DEBUG=1",
					"$(inherited)",
				);
				GCC_SYMBOLS_PRIVATE_EXTERN = NO;
				GCC_WARN_64_TO_32_BIT_CONVERSION = YES;
				GCC_WARN_ABOUT_RETURN_TYPE = YES_ERROR;
				GCC_WARN_UNDECLARED_SELECTOR = YES;
				GCC_WARN_UNINITIALIZED_AUTOS = YES_AGGRESSIVE;
				GCC_WARN_UNUSED_FUNCTION = YES;
				GCC_WARN_UNUSED_VARIABLE = YES;
				IPHONEOS_DEPLOYMENT_TARGET = 7.1;
				ONLY_ACTIVE_ARCH = YES;
				SDKROOT = iphoneos;
			};
			name = Debug;
		};
		FB6CA20318D5B7F500CC9538 /* Release */ = {
			isa = XCBuildConfiguration;
			buildSettings = {
				ALWAYS_SEARCH_USER_PATHS = NO;
				CLANG_CXX_LANGUAGE_STANDARD = "gnu++0x";
				CLANG_CXX_LIBRARY = "libc++";
				CLANG_ENABLE_MODULES = YES;
				CLANG_ENABLE_OBJC_ARC = YES;
				CLANG_WARN_BOOL_CONVERSION = YES;
				CLANG_WARN_CONSTANT_CONVERSION = YES;
				CLANG_WARN_DIRECT_OBJC_ISA_USAGE = YES_ERROR;
				CLANG_WARN_EMPTY_BODY = YES;
				CLANG_WARN_ENUM_CONVERSION = YES;
				CLANG_WARN_INT_CONVERSION = YES;
				CLANG_WARN_OBJC_ROOT_CLASS = YES_ERROR;
				CLANG_WARN__DUPLICATE_METHOD_MATCH = YES;
				"CODE_SIGN_IDENTITY[sdk=iphoneos*]" = "iPhone Developer";
				COPY_PHASE_STRIP = YES;
				ENABLE_NS_ASSERTIONS = NO;
				GCC_C_LANGUAGE_STANDARD = gnu99;
				GCC_WARN_64_TO_32_BIT_CONVERSION = YES;
				GCC_WARN_ABOUT_RETURN_TYPE = YES_ERROR;
				GCC_WARN_UNDECLARED_SELECTOR = YES;
				GCC_WARN_UNINITIALIZED_AUTOS = YES_AGGRESSIVE;
				GCC_WARN_UNUSED_FUNCTION = YES;
				GCC_WARN_UNUSED_VARIABLE = YES;
				IPHONEOS_DEPLOYMENT_TARGET = 7.1;
				SDKROOT = iphoneos;
				VALIDATE_PRODUCT = YES;
			};
			name = Release;
		};
		FB6CA20518D5B7F500CC9538 /* Debug */ = {
			isa = XCBuildConfiguration;
			buildSettings = {
				ASSETCATALOG_COMPILER_APPICON_NAME = AppIcon;
				ASSETCATALOG_COMPILER_LAUNCHIMAGE_NAME = LaunchImage;
				GCC_PRECOMPILE_PREFIX_HEADER = YES;
				GCC_PREFIX_HEADER = "i2048/i2048-Prefix.pch";
				INFOPLIST_FILE = "i2048/i2048-Info.plist";
				IPHONEOS_DEPLOYMENT_TARGET = 6.0;
				PRODUCT_NAME = "$(TARGET_NAME)";
				WRAPPER_EXTENSION = app;
			};
			name = Debug;
		};
		FB6CA20618D5B7F500CC9538 /* Release */ = {
			isa = XCBuildConfiguration;
			buildSettings = {
				ASSETCATALOG_COMPILER_APPICON_NAME = AppIcon;
				ASSETCATALOG_COMPILER_LAUNCHIMAGE_NAME = LaunchImage;
				GCC_PRECOMPILE_PREFIX_HEADER = YES;
				GCC_PREFIX_HEADER = "i2048/i2048-Prefix.pch";
				INFOPLIST_FILE = "i2048/i2048-Info.plist";
				IPHONEOS_DEPLOYMENT_TARGET = 6.0;
				PRODUCT_NAME = "$(TARGET_NAME)";
				WRAPPER_EXTENSION = app;
			};
			name = Release;
		};
		FB6CA20818D5B7F500CC9538 /* Debug */ = {
			isa = XCBuildConfiguration;
			buildSettings = {
				BUNDLE_LOADER = "$(BUILT_PRODUCTS_DIR)/i2048.app/i2048";
				FRAMEWORK_SEARCH_PATHS = (
					"$(SDKROOT)/Developer/Library/Frameworks",
					"$(inherited)",
					"$(DEVELOPER_FRAMEWORKS_DIR)",
				);
				GCC_PRECOMPILE_PREFIX_HEADER = YES;
				GCC_PREFIX_HEADER = "i2048/i2048-Prefix.pch";
				GCC_PREPROCESSOR_DEFINITIONS = (
					"DEBUG=1",
					"$(inherited)",
				);
				INFOPLIST_FILE = "i2048Tests/i2048Tests-Info.plist";
				PRODUCT_NAME = "$(TARGET_NAME)";
				TEST_HOST = "$(BUNDLE_LOADER)";
				WRAPPER_EXTENSION = xctest;
			};
			name = Debug;
		};
		FB6CA20918D5B7F500CC9538 /* Release */ = {
			isa = XCBuildConfiguration;
			buildSettings = {
				BUNDLE_LOADER = "$(BUILT_PRODUCTS_DIR)/i2048.app/i2048";
				FRAMEWORK_SEARCH_PATHS = (
					"$(SDKROOT)/Developer/Library/Frameworks",
					"$(inherited)",
					"$(DEVELOPER_FRAMEWORKS_DIR)",
				);
				GCC_PRECOMPILE_PREFIX_HEADER = YES;
				GCC_PREFIX_HEADER = "i2048/i2048-Prefix.pch";
				INFOPLIST_FILE = "i2048Tests/i2048Tests-Info.plist";
				PRODUCT_NAME = "$(TARGET_NAME)";
				TEST_HOST = "$(BUNDLE_LOADER)";
				WRAPPER_EXTENSION = xctest;
			};
			name = Release;
		};
/* End XCBuildConfiguration section */

/* Begin XCConfigurationList section */
		FB6CA1CD18D5B7F500CC9538 /* Build configuration list for PBXProject "i2048" */ = {
			isa = XCConfigurationList;
			buildConfigurations = (
				FB6CA20218D5B7F500CC9538 /* Debug */,
				FB6CA20318D5B7F500CC9538 /* Release */,
			);
			defaultConfigurationIsVisible = 0;
			defaultConfigurationName = Release;
		};
		FB6CA20418D5B7F500CC9538 /* Build configuration list for PBXNativeTarget "i2048" */ = {
			isa = XCConfigurationList;
			buildConfigurations = (
				FB6CA20518D5B7F500CC9538 /* Debug */,
				FB6CA20618D5B7F500CC9538 /* Release */,
			);
			defaultConfigurationIsVisible = 0;
		};
		FB6CA20718D5B7F500CC9538 /* Build configuration list for PBXNativeTarget "i2048Tests" */ = {
			isa = XCConfigurationList;
			buildConfigurations = (
				FB6CA20818D5B7F500CC9538 /* Debug */,
				FB6CA20918D5B7F500CC9538 /* Release */,
			);
			defaultConfigurationIsVisible = 0;
		};
/* End XCConfigurationList section */
	};
	rootObject = FB6CA1CA18D5B7F500CC9538 /* Project object */;
}
