// !$*UTF8*$!
{
	archiveVersion = 1;
	classes = {
	};
	objectVersion = 46;
	objects = {

/* Begin PBXBuildFile section */
		FB101C8E18D6E7B300756057 /* DomobAdSDKBundle.bundle in Resources */ = {isa = PBXBuildFile; fileRef = FB101C8C18D6E7B300756057 /* DomobAdSDKBundle.bundle */; };
		FB101C8F18D6E7B300756057 /* libDomobAdSDK.a in Frameworks */ = {isa = PBXBuildFile; fileRef = FB101C8D18D6E7B300756057 /* libDomobAdSDK.a */; };
		FB101C9118D6E7D300756057 /* Security.framework in Frameworks */ = {isa = PBXBuildFile; fileRef = FB101C9018D6E7D300756057 /* Security.framework */; };
		FB101C9318D6E7DB00756057 /* CoreTelephony.framework in Frameworks */ = {isa = PBXBuildFile; fileRef = FB101C9218D6E7DB00756057 /* CoreTelephony.framework */; };
		FB101C9518D6E7E000756057 /* MessageUI.framework in Frameworks */ = {isa = PBXBuildFile; fileRef = FB101C9418D6E7E000756057 /* MessageUI.framework */; };
		FB101C9718D6E7E800756057 /* CFNetwork.framework in Frameworks */ = {isa = PBXBuildFile; fileRef = FB101C9618D6E7E800756057 /* CFNetwork.framework */; };
		FB101C9918D6E7EF00756057 /* MobileCoreServices.framework in Frameworks */ = {isa = PBXBuildFile; fileRef = FB101C9818D6E7EF00756057 /* MobileCoreServices.framework */; };
		FB101C9B18D6E7F800756057 /* libz.dylib in Frameworks */ = {isa = PBXBuildFile; fileRef = FB101C9A18D6E7F800756057 /* libz.dylib */; };
		FB101C9D18D6E80B00756057 /* CoreMedia.framework in Frameworks */ = {isa = PBXBuildFile; fileRef = FB101C9C18D6E80B00756057 /* CoreMedia.framework */; };
		FB101C9F18D6E81D00756057 /* MediaPlayer.framework in Frameworks */ = {isa = PBXBuildFile; fileRef = FB101C9E18D6E81D00756057 /* MediaPlayer.framework */; };
		FB101CA118D6E82500756057 /* QuartzCore.framework in Frameworks */ = {isa = PBXBuildFile; fileRef = FB101CA018D6E82500756057 /* QuartzCore.framework */; };
		FB101CA318D6E8B700756057 /* CoreText.framework in Frameworks */ = {isa = PBXBuildFile; fileRef = FB101CA218D6E8B700756057 /* CoreText.framework */; };
		FB101CA518D6E8C100756057 /* AdSupport.framework in Frameworks */ = {isa = PBXBuildFile; fileRef = FB101CA418D6E8C100756057 /* AdSupport.framework */; };
		FB101CA718D6E8C800756057 /* CoreLocation.framework in Frameworks */ = {isa = PBXBuildFile; fileRef = FB101CA618D6E8C800756057 /* CoreLocation.framework */; };
		FB101CA918D6E8CE00756057 /* StoreKit.framework in Frameworks */ = {isa = PBXBuildFile; fileRef = FB101CA818D6E8CE00756057 /* StoreKit.framework */; };
		FB101CAB18D6E8E700756057 /* PassKit.framework in Frameworks */ = {isa = PBXBuildFile; fileRef = FB101CAA18D6E8E700756057 /* PassKit.framework */; };
		FB101CAD18D6E91A00756057 /* Social.framework in Frameworks */ = {isa = PBXBuildFile; fileRef = FB101CAC18D6E91A00756057 /* Social.framework */; };
		FB101CAF18D6E92800756057 /* EventKit.framework in Frameworks */ = {isa = PBXBuildFile; fileRef = FB101CAE18D6E92700756057 /* EventKit.framework */; };
		FB101CB118D6E95D00756057 /* AVFoundation.framework in Frameworks */ = {isa = PBXBuildFile; fileRef = FB101CB018D6E95D00756057 /* AVFoundation.framework */; };
		FB101CB318D6E96600756057 /* AudioToolbox.framework in Frameworks */ = {isa = PBXBuildFile; fileRef = FB101CB218D6E96600756057 /* AudioToolbox.framework */; };
		FB101CB518D6E97D00756057 /* libsqlite3.dylib in Frameworks */ = {isa = PBXBuildFile; fileRef = FB101CB418D6E97D00756057 /* libsqlite3.dylib */; };
		FB101CB718D6E99300756057 /* SystemConfiguration.framework in Frameworks */ = {isa = PBXBuildFile; fileRef = FB101CB618D6E99300756057 /* SystemConfiguration.framework */; };
		FB59A2A618D7EA3000B56D0E /* Helper.m in Sources */ = {isa = PBXBuildFile; fileRef = FB59A2A518D7EA3000B56D0E /* Helper.m */; };
		FB6CA1D618D5B7F500CC9538 /* Foundation.framework in Frameworks */ = {isa = PBXBuildFile; fileRef = FB6CA1D518D5B7F500CC9538 /* Foundation.framework */; };
		FB6CA1D818D5B7F500CC9538 /* CoreGraphics.framework in Frameworks */ = {isa = PBXBuildFile; fileRef = FB6CA1D718D5B7F500CC9538 /* CoreGraphics.framework */; };
		FB6CA1DA18D5B7F500CC9538 /* UIKit.framework in Frameworks */ = {isa = PBXBuildFile; fileRef = FB6CA1D918D5B7F500CC9538 /* UIKit.framework */; };
		FB6CA1E018D5B7F500CC9538 /* InfoPlist.strings in Resources */ = {isa = PBXBuildFile; fileRef = FB6CA1DE18D5B7F500CC9538 /* InfoPlist.strings */; };
		FB6CA1E218D5B7F500CC9538 /* main.m in Sources */ = {isa = PBXBuildFile; fileRef = FB6CA1E118D5B7F500CC9538 /* main.m */; };
		FB6CA1E618D5B7F500CC9538 /* AppDelegate.m in Sources */ = {isa = PBXBuildFile; fileRef = FB6CA1E518D5B7F500CC9538 /* AppDelegate.m */; };
		FB6CA1E918D5B7F500CC9538 /* Main.storyboard in Resources */ = {isa = PBXBuildFile; fileRef = FB6CA1E718D5B7F500CC9538 /* Main.storyboard */; };
		FB6CA1EC18D5B7F500CC9538 /* ViewController.m in Sources */ = {isa = PBXBuildFile; fileRef = FB6CA1EB18D5B7F500CC9538 /* ViewController.m */; };
		FB6CA1EE18D5B7F500CC9538 /* Images.xcassets in Resources */ = {isa = PBXBuildFile; fileRef = FB6CA1ED18D5B7F500CC9538 /* Images.xcassets */; };
		FB6CA1F518D5B7F500CC9538 /* XCTest.framework in Frameworks */ = {isa = PBXBuildFile; fileRef = FB6CA1F418D5B7F500CC9538 /* XCTest.framework */; };
		FB6CA1F618D5B7F500CC9538 /* Foundation.framework in Frameworks */ = {isa = PBXBuildFile; fileRef = FB6CA1D518D5B7F500CC9538 /* Foundation.framework */; };
		FB6CA1F718D5B7F500CC9538 /* UIKit.framework in Frameworks */ = {isa = PBXBuildFile; fileRef = FB6CA1D918D5B7F500CC9538 /* UIKit.framework */; };
		FB6CA1FF18D5B7F500CC9538 /* InfoPlist.strings in Resources */ = {isa = PBXBuildFile; fileRef = FB6CA1FD18D5B7F500CC9538 /* InfoPlist.strings */; };
		FB6CA20118D5B7F500CC9538 /* i2048Tests.m in Sources */ = {isa = PBXBuildFile; fileRef = FB6CA20018D5B7F500CC9538 /* i2048Tests.m */; };
		FB7EA00B18D959580071103A /* GameKit.framework in Frameworks */ = {isa = PBXBuildFile; fileRef = FB7EA00A18D959580071103A /* GameKit.framework */; };
		FB7EA00E18D959860071103A /* GameCenterManager.m in Sources */ = {isa = PBXBuildFile; fileRef = FB7EA00D18D959860071103A /* GameCenterManager.m */; settings = {COMPILER_FLAGS = "-fno-objc-arc"; }; };
		FB7EA02B18D95FC10071103A /* UMSocialLocalizable.strings in Resources */ = {isa = PBXBuildFile; fileRef = FB7EA01118D95FC10071103A /* UMSocialLocalizable.strings */; };
		FB7EA02C18D95FC10071103A /* libUMSocial_Sdk_3.3.6.a in Frameworks */ = {isa = PBXBuildFile; fileRef = FB7EA01F18D95FC10071103A /* libUMSocial_Sdk_3.3.6.a */; };
		FB7EA02D18D95FC10071103A /* UMSCommentDetailController.xib in Resources */ = {isa = PBXBuildFile; fileRef = FB7EA02118D95FC10071103A /* UMSCommentDetailController.xib */; };
		FB7EA02E18D95FC10071103A /* UMSCommentInputController.xib in Resources */ = {isa = PBXBuildFile; fileRef = FB7EA02218D95FC10071103A /* UMSCommentInputController.xib */; };
		FB7EA02F18D95FC10071103A /* UMSCommentInputControlleriPad.xib in Resources */ = {isa = PBXBuildFile; fileRef = FB7EA02318D95FC10071103A /* UMSCommentInputControlleriPad.xib */; };
		FB7EA03018D95FC10071103A /* UMShareEditViewController.xib in Resources */ = {isa = PBXBuildFile; fileRef = FB7EA02418D95FC10071103A /* UMShareEditViewController.xib */; };
		FB7EA03118D95FC10071103A /* UMShareEditViewControlleriPad.xib in Resources */ = {isa = PBXBuildFile; fileRef = FB7EA02518D95FC10071103A /* UMShareEditViewControlleriPad.xib */; };
		FB7EA03218D95FC10071103A /* UMSLoginViewController.xib in Resources */ = {isa = PBXBuildFile; fileRef = FB7EA02618D95FC10071103A /* UMSLoginViewController.xib */; };
		FB7EA03318D95FC10071103A /* UMSnsAccountViewController.xib in Resources */ = {isa = PBXBuildFile; fileRef = FB7EA02718D95FC10071103A /* UMSnsAccountViewController.xib */; };
		FB7EA03418D95FC10071103A /* UMSShareListController.xib in Resources */ = {isa = PBXBuildFile; fileRef = FB7EA02818D95FC10071103A /* UMSShareListController.xib */; };
		FB7EA03518D95FC10071103A /* UMSocialSDKResourcesNew.bundle in Resources */ = {isa = PBXBuildFile; fileRef = FB7EA02918D95FC10071103A /* UMSocialSDKResourcesNew.bundle */; };
		FB7EA04318D9600D0071103A /* libSocialFacebook.a in Frameworks */ = {isa = PBXBuildFile; fileRef = FB7EA03818D9600D0071103A /* libSocialFacebook.a */; };
		FB7EA04418D9600D0071103A /* libSocialTwitter.a in Frameworks */ = {isa = PBXBuildFile; fileRef = FB7EA03B18D9600D0071103A /* libSocialTwitter.a */; };
		FB7EA04518D9600D0071103A /* libSocialWechat.a in Frameworks */ = {isa = PBXBuildFile; fileRef = FB7EA03E18D9600D0071103A /* libSocialWechat.a */; };
		FB7EA04618D9600D0071103A /* libWeChatSDK.a in Frameworks */ = {isa = PBXBuildFile; fileRef = FB7EA03F18D9600D0071103A /* libWeChatSDK.a */; };
		FB7EA04E18DA58300071103A /* gamecenter@2x.png in Resources */ = {isa = PBXBuildFile; fileRef = FB7EA04818DA58300071103A /* gamecenter@2x.png */; };
		FB7EA04F18DA58300071103A /* new_record@2x.png in Resources */ = {isa = PBXBuildFile; fileRef = FB7EA04918DA58300071103A /* new_record@2x.png */; };
		FB7EA05018DA58300071103A /* pause@2x.png in Resources */ = {isa = PBXBuildFile; fileRef = FB7EA04A18DA58300071103A /* pause@2x.png */; };
		FB7EA05118DA58300071103A /* restart@2x.png in Resources */ = {isa = PBXBuildFile; fileRef = FB7EA04B18DA58300071103A /* restart@2x.png */; };
		FB7EA05218DA58300071103A /* share@2x.png in Resources */ = {isa = PBXBuildFile; fileRef = FB7EA04C18DA58300071103A /* share@2x.png */; };
		FB7EA05318DA58300071103A /* start@2x.png in Resources */ = {isa = PBXBuildFile; fileRef = FB7EA04D18DA58300071103A /* start@2x.png */; };
		FB9AB44F18DABBE600603017 /* end_board@2x.png in Resources */ = {isa = PBXBuildFile; fileRef = FB9AB44E18DABBE600603017 /* end_board@2x.png */; };
/* End PBXBuildFile section */

/* Begin PBXContainerItemProxy section */
		FB6CA1F818D5B7F500CC9538 /* PBXContainerItemProxy */ = {
			isa = PBXContainerItemProxy;
			containerPortal = FB6CA1CA18D5B7F500CC9538 /* Project object */;
			proxyType = 1;
			remoteGlobalIDString = FB6CA1D118D5B7F500CC9538;
			remoteInfo = i2048;
		};
/* End PBXContainerItemProxy section */

/* Begin PBXFileReference section */
		FB101C8518D6E7B300756057 /* DMAdView.h */ = {isa = PBXFileReference; fileEncoding = 4; lastKnownFileType = sourcecode.c.h; path = DMAdView.h; sourceTree = "<group>"; };
		FB101C8618D6E7B300756057 /* DMFeedsAdView.h */ = {isa = PBXFileReference; fileEncoding = 4; lastKnownFileType = sourcecode.c.h; path = DMFeedsAdView.h; sourceTree = "<group>"; };
		FB101C8718D6E7B300756057 /* DMInterstitialAdController.h */ = {isa = PBXFileReference; fileEncoding = 4; lastKnownFileType = sourcecode.c.h; path = DMInterstitialAdController.h; sourceTree = "<group>"; };
		FB101C8818D6E7B300756057 /* DMRTSplashAdController.h */ = {isa = PBXFileReference; fileEncoding = 4; lastKnownFileType = sourcecode.c.h; path = DMRTSplashAdController.h; sourceTree = "<group>"; };
		FB101C8918D6E7B300756057 /* DMSplashAdController.h */ = {isa = PBXFileReference; fileEncoding = 4; lastKnownFileType = sourcecode.c.h; path = DMSplashAdController.h; sourceTree = "<group>"; };
		FB101C8A18D6E7B300756057 /* DMTools.h */ = {isa = PBXFileReference; fileEncoding = 4; lastKnownFileType = sourcecode.c.h; path = DMTools.h; sourceTree = "<group>"; };
		FB101C8C18D6E7B300756057 /* DomobAdSDKBundle.bundle */ = {isa = PBXFileReference; lastKnownFileType = "wrapper.plug-in"; path = DomobAdSDKBundle.bundle; sourceTree = "<group>"; };
		FB101C8D18D6E7B300756057 /* libDomobAdSDK.a */ = {isa = PBXFileReference; lastKnownFileType = archive.ar; path = libDomobAdSDK.a; sourceTree = "<group>"; };
		FB101C9018D6E7D300756057 /* Security.framework */ = {isa = PBXFileReference; lastKnownFileType = wrapper.framework; name = Security.framework; path = System/Library/Frameworks/Security.framework; sourceTree = SDKROOT; };
		FB101C9218D6E7DB00756057 /* CoreTelephony.framework */ = {isa = PBXFileReference; lastKnownFileType = wrapper.framework; name = CoreTelephony.framework; path = System/Library/Frameworks/CoreTelephony.framework; sourceTree = SDKROOT; };
		FB101C9418D6E7E000756057 /* MessageUI.framework */ = {isa = PBXFileReference; lastKnownFileType = wrapper.framework; name = MessageUI.framework; path = System/Library/Frameworks/MessageUI.framework; sourceTree = SDKROOT; };
		FB101C9618D6E7E800756057 /* CFNetwork.framework */ = {isa = PBXFileReference; lastKnownFileType = wrapper.framework; name = CFNetwork.framework; path = System/Library/Frameworks/CFNetwork.framework; sourceTree = SDKROOT; };
		FB101C9818D6E7EF00756057 /* MobileCoreServices.framework */ = {isa = PBXFileReference; lastKnownFileType = wrapper.framework; name = MobileCoreServices.framework; path = System/Library/Frameworks/MobileCoreServices.framework; sourceTree = SDKROOT; };
		FB101C9A18D6E7F800756057 /* libz.dylib */ = {isa = PBXFileReference; lastKnownFileType = "compiled.mach-o.dylib"; name = libz.dylib; path = usr/lib/libz.dylib; sourceTree = SDKROOT; };
		FB101C9C18D6E80B00756057 /* CoreMedia.framework */ = {isa = PBXFileReference; lastKnownFileType = wrapper.framework; name = CoreMedia.framework; path = System/Library/Frameworks/CoreMedia.framework; sourceTree = SDKROOT; };
		FB101C9E18D6E81D00756057 /* MediaPlayer.framework */ = {isa = PBXFileReference; lastKnownFileType = wrapper.framework; name = MediaPlayer.framework; path = System/Library/Frameworks/MediaPlayer.framework; sourceTree = SDKROOT; };
		FB101CA018D6E82500756057 /* QuartzCore.framework */ = {isa = PBXFileReference; lastKnownFileType = wrapper.framework; name = QuartzCore.framework; path = System/Library/Frameworks/QuartzCore.framework; sourceTree = SDKROOT; };
		FB101CA218D6E8B700756057 /* CoreText.framework */ = {isa = PBXFileReference; lastKnownFileType = wrapper.framework; name = CoreText.framework; path = System/Library/Frameworks/CoreText.framework; sourceTree = SDKROOT; };
		FB101CA418D6E8C100756057 /* AdSupport.framework */ = {isa = PBXFileReference; lastKnownFileType = wrapper.framework; name = AdSupport.framework; path = System/Library/Frameworks/AdSupport.framework; sourceTree = SDKROOT; };
		FB101CA618D6E8C800756057 /* CoreLocation.framework */ = {isa = PBXFileReference; lastKnownFileType = wrapper.framework; name = CoreLocation.framework; path = System/Library/Frameworks/CoreLocation.framework; sourceTree = SDKROOT; };
		FB101CA818D6E8CE00756057 /* StoreKit.framework */ = {isa = PBXFileReference; lastKnownFileType = wrapper.framework; name = StoreKit.framework; path = System/Library/Frameworks/StoreKit.framework; sourceTree = SDKROOT; };
		FB101CAA18D6E8E700756057 /* PassKit.framework */ = {isa = PBXFileReference; lastKnownFileType = wrapper.framework; name = PassKit.framework; path = System/Library/Frameworks/PassKit.framework; sourceTree = SDKROOT; };
		FB101CAC18D6E91A00756057 /* Social.framework */ = {isa = PBXFileReference; lastKnownFileType = wrapper.framework; name = Social.framework; path = System/Library/Frameworks/Social.framework; sourceTree = SDKROOT; };
		FB101CAE18D6E92700756057 /* EventKit.framework */ = {isa = PBXFileReference; lastKnownFileType = wrapper.framework; name = EventKit.framework; path = System/Library/Frameworks/EventKit.framework; sourceTree = SDKROOT; };
		FB101CB018D6E95D00756057 /* AVFoundation.framework */ = {isa = PBXFileReference; lastKnownFileType = wrapper.framework; name = AVFoundation.framework; path = System/Library/Frameworks/AVFoundation.framework; sourceTree = SDKROOT; };
		FB101CB218D6E96600756057 /* AudioToolbox.framework */ = {isa = PBXFileReference; lastKnownFileType = wrapper.framework; name = AudioToolbox.framework; path = System/Library/Frameworks/AudioToolbox.framework; sourceTree = SDKROOT; };
		FB101CB418D6E97D00756057 /* libsqlite3.dylib */ = {isa = PBXFileReference; lastKnownFileType = "compiled.mach-o.dylib"; name = libsqlite3.dylib; path = usr/lib/libsqlite3.dylib; sourceTree = SDKROOT; };
		FB101CB618D6E99300756057 /* SystemConfiguration.framework */ = {isa = PBXFileReference; lastKnownFileType = wrapper.framework; name = SystemConfiguration.framework; path = System/Library/Frameworks/SystemConfiguration.framework; sourceTree = SDKROOT; };
		FB59A2A418D7EA3000B56D0E /* Helper.h */ = {isa = PBXFileReference; fileEncoding = 4; lastKnownFileType = sourcecode.c.h; path = Helper.h; sourceTree = "<group>"; };
		FB59A2A518D7EA3000B56D0E /* Helper.m */ = {isa = PBXFileReference; fileEncoding = 4; lastKnownFileType = sourcecode.c.objc; path = Helper.m; sourceTree = "<group>"; };
		FB6CA1D218D5B7F500CC9538 /* i2048.app */ = {isa = PBXFileReference; explicitFileType = wrapper.application; includeInIndex = 0; path = i2048.app; sourceTree = BUILT_PRODUCTS_DIR; };
		FB6CA1D518D5B7F500CC9538 /* Foundation.framework */ = {isa = PBXFileReference; lastKnownFileType = wrapper.framework; name = Foundation.framework; path = System/Library/Frameworks/Foundation.framework; sourceTree = SDKROOT; };
		FB6CA1D718D5B7F500CC9538 /* CoreGraphics.framework */ = {isa = PBXFileReference; lastKnownFileType = wrapper.framework; name = CoreGraphics.framework; path = System/Library/Frameworks/CoreGraphics.framework; sourceTree = SDKROOT; };
		FB6CA1D918D5B7F500CC9538 /* UIKit.framework */ = {isa = PBXFileReference; lastKnownFileType = wrapper.framework; name = UIKit.framework; path = System/Library/Frameworks/UIKit.framework; sourceTree = SDKROOT; };
		FB6CA1DD18D5B7F500CC9538 /* i2048-Info.plist */ = {isa = PBXFileReference; lastKnownFileType = text.plist.xml; path = "i2048-Info.plist"; sourceTree = "<group>"; };
		FB6CA1DF18D5B7F500CC9538 /* en */ = {isa = PBXFileReference; lastKnownFileType = text.plist.strings; name = en; path = en.lproj/InfoPlist.strings; sourceTree = "<group>"; };
		FB6CA1E118D5B7F500CC9538 /* main.m */ = {isa = PBXFileReference; lastKnownFileType = sourcecode.c.objc; path = main.m; sourceTree = "<group>"; };
		FB6CA1E318D5B7F500CC9538 /* i2048-Prefix.pch */ = {isa = PBXFileReference; lastKnownFileType = sourcecode.c.h; path = "i2048-Prefix.pch"; sourceTree = "<group>"; };
		FB6CA1E418D5B7F500CC9538 /* AppDelegate.h */ = {isa = PBXFileReference; lastKnownFileType = sourcecode.c.h; path = AppDelegate.h; sourceTree = "<group>"; };
		FB6CA1E518D5B7F500CC9538 /* AppDelegate.m */ = {isa = PBXFileReference; lastKnownFileType = sourcecode.c.objc; path = AppDelegate.m; sourceTree = "<group>"; };
		FB6CA1E818D5B7F500CC9538 /* Base */ = {isa = PBXFileReference; lastKnownFileType = file.storyboard; name = Base; path = Base.lproj/Main.storyboard; sourceTree = "<group>"; };
		FB6CA1EA18D5B7F500CC9538 /* ViewController.h */ = {isa = PBXFileReference; lastKnownFileType = sourcecode.c.h; path = ViewController.h; sourceTree = "<group>"; };
		FB6CA1EB18D5B7F500CC9538 /* ViewController.m */ = {isa = PBXFileReference; lastKnownFileType = sourcecode.c.objc; path = ViewController.m; sourceTree = "<group>"; };
		FB6CA1ED18D5B7F500CC9538 /* Images.xcassets */ = {isa = PBXFileReference; lastKnownFileType = folder.assetcatalog; path = Images.xcassets; sourceTree = "<group>"; };
		FB6CA1F318D5B7F500CC9538 /* i2048Tests.xctest */ = {isa = PBXFileReference; explicitFileType = wrapper.cfbundle; includeInIndex = 0; path = i2048Tests.xctest; sourceTree = BUILT_PRODUCTS_DIR; };
		FB6CA1F418D5B7F500CC9538 /* XCTest.framework */ = {isa = PBXFileReference; lastKnownFileType = wrapper.framework; name = XCTest.framework; path = Library/Frameworks/XCTest.framework; sourceTree = DEVELOPER_DIR; };
		FB6CA1FC18D5B7F500CC9538 /* i2048Tests-Info.plist */ = {isa = PBXFileReference; lastKnownFileType = text.plist.xml; path = "i2048Tests-Info.plist"; sourceTree = "<group>"; };
		FB6CA1FE18D5B7F500CC9538 /* en */ = {isa = PBXFileReference; lastKnownFileType = text.plist.strings; name = en; path = en.lproj/InfoPlist.strings; sourceTree = "<group>"; };
		FB6CA20018D5B7F500CC9538 /* i2048Tests.m */ = {isa = PBXFileReference; lastKnownFileType = sourcecode.c.objc; path = i2048Tests.m; sourceTree = "<group>"; };
		FB7EA00A18D959580071103A /* GameKit.framework */ = {isa = PBXFileReference; lastKnownFileType = wrapper.framework; name = GameKit.framework; path = System/Library/Frameworks/GameKit.framework; sourceTree = SDKROOT; };
		FB7EA00C18D959860071103A /* GameCenterManager.h */ = {isa = PBXFileReference; fileEncoding = 4; lastKnownFileType = sourcecode.c.h; path = GameCenterManager.h; sourceTree = "<group>"; };
		FB7EA00D18D959860071103A /* GameCenterManager.m */ = {isa = PBXFileReference; fileEncoding = 4; lastKnownFileType = sourcecode.c.objc; path = GameCenterManager.m; sourceTree = "<group>"; };
		FB7EA00F18D95A070071103A /* SynthesizeSingleton.h */ = {isa = PBXFileReference; fileEncoding = 4; lastKnownFileType = sourcecode.c.h; path = SynthesizeSingleton.h; sourceTree = "<group>"; };
		FB7EA01218D95FC10071103A /* en */ = {isa = PBXFileReference; lastKnownFileType = text.plist.strings; name = en; path = en.lproj/UMSocialLocalizable.strings; sourceTree = "<group>"; };
		FB7EA01418D95FC10071103A /* UMSocial.h */ = {isa = PBXFileReference; fileEncoding = 4; lastKnownFileType = sourcecode.c.h; path = UMSocial.h; sourceTree = "<group>"; };
		FB7EA01518D95FC10071103A /* UMSocialAccountManager.h */ = {isa = PBXFileReference; fileEncoding = 4; lastKnownFileType = sourcecode.c.h; path = UMSocialAccountManager.h; sourceTree = "<group>"; };
		FB7EA01618D95FC10071103A /* UMSocialBar.h */ = {isa = PBXFileReference; fileEncoding = 4; lastKnownFileType = sourcecode.c.h; path = UMSocialBar.h; sourceTree = "<group>"; };
		FB7EA01718D95FC10071103A /* UMSocialConfig.h */ = {isa = PBXFileReference; fileEncoding = 4; lastKnownFileType = sourcecode.c.h; path = UMSocialConfig.h; sourceTree = "<group>"; };
		FB7EA01818D95FC10071103A /* UMSocialControllerService.h */ = {isa = PBXFileReference; fileEncoding = 4; lastKnownFileType = sourcecode.c.h; path = UMSocialControllerService.h; sourceTree = "<group>"; };
		FB7EA01918D95FC10071103A /* UMSocialControllerServiceComment.h */ = {isa = PBXFileReference; fileEncoding = 4; lastKnownFileType = sourcecode.c.h; path = UMSocialControllerServiceComment.h; sourceTree = "<group>"; };
		FB7EA01A18D95FC10071103A /* UMSocialData.h */ = {isa = PBXFileReference; fileEncoding = 4; lastKnownFileType = sourcecode.c.h; path = UMSocialData.h; sourceTree = "<group>"; };
		FB7EA01B18D95FC10071103A /* UMSocialDataService.h */ = {isa = PBXFileReference; fileEncoding = 4; lastKnownFileType = sourcecode.c.h; path = UMSocialDataService.h; sourceTree = "<group>"; };
		FB7EA01C18D95FC10071103A /* UMSocialSnsData.h */ = {isa = PBXFileReference; fileEncoding = 4; lastKnownFileType = sourcecode.c.h; path = UMSocialSnsData.h; sourceTree = "<group>"; };
		FB7EA01D18D95FC10071103A /* UMSocialSnsPlatformManager.h */ = {isa = PBXFileReference; fileEncoding = 4; lastKnownFileType = sourcecode.c.h; path = UMSocialSnsPlatformManager.h; sourceTree = "<group>"; };
		FB7EA01E18D95FC10071103A /* UMSocialSnsService.h */ = {isa = PBXFileReference; fileEncoding = 4; lastKnownFileType = sourcecode.c.h; path = UMSocialSnsService.h; sourceTree = "<group>"; };
		FB7EA01F18D95FC10071103A /* libUMSocial_Sdk_3.3.6.a */ = {isa = PBXFileReference; lastKnownFileType = archive.ar; path = libUMSocial_Sdk_3.3.6.a; sourceTree = "<group>"; };
		FB7EA02118D95FC10071103A /* UMSCommentDetailController.xib */ = {isa = PBXFileReference; fileEncoding = 4; lastKnownFileType = file.xib; path = UMSCommentDetailController.xib; sourceTree = "<group>"; };
		FB7EA02218D95FC10071103A /* UMSCommentInputController.xib */ = {isa = PBXFileReference; fileEncoding = 4; lastKnownFileType = file.xib; path = UMSCommentInputController.xib; sourceTree = "<group>"; };
		FB7EA02318D95FC10071103A /* UMSCommentInputControlleriPad.xib */ = {isa = PBXFileReference; fileEncoding = 4; lastKnownFileType = file.xib; path = UMSCommentInputControlleriPad.xib; sourceTree = "<group>"; };
		FB7EA02418D95FC10071103A /* UMShareEditViewController.xib */ = {isa = PBXFileReference; fileEncoding = 4; lastKnownFileType = file.xib; path = UMShareEditViewController.xib; sourceTree = "<group>"; };
		FB7EA02518D95FC10071103A /* UMShareEditViewControlleriPad.xib */ = {isa = PBXFileReference; fileEncoding = 4; lastKnownFileType = file.xib; path = UMShareEditViewControlleriPad.xib; sourceTree = "<group>"; };
		FB7EA02618D95FC10071103A /* UMSLoginViewController.xib */ = {isa = PBXFileReference; fileEncoding = 4; lastKnownFileType = file.xib; path = UMSLoginViewController.xib; sourceTree = "<group>"; };
		FB7EA02718D95FC10071103A /* UMSnsAccountViewController.xib */ = {isa = PBXFileReference; fileEncoding = 4; lastKnownFileType = file.xib; path = UMSnsAccountViewController.xib; sourceTree = "<group>"; };
		FB7EA02818D95FC10071103A /* UMSShareListController.xib */ = {isa = PBXFileReference; fileEncoding = 4; lastKnownFileType = file.xib; path = UMSShareListController.xib; sourceTree = "<group>"; };
		FB7EA02918D95FC10071103A /* UMSocialSDKResourcesNew.bundle */ = {isa = PBXFileReference; lastKnownFileType = "wrapper.plug-in"; path = UMSocialSDKResourcesNew.bundle; sourceTree = "<group>"; };
		FB7EA02A18D95FC10071103A /* zh-Hans */ = {isa = PBXFileReference; lastKnownFileType = text.plist.strings; name = "zh-Hans"; path = "zh-Hans.lproj/UMSocialLocalizable.strings"; sourceTree = "<group>"; };
		FB7EA03818D9600D0071103A /* libSocialFacebook.a */ = {isa = PBXFileReference; lastKnownFileType = archive.ar; path = libSocialFacebook.a; sourceTree = "<group>"; };
		FB7EA03918D9600D0071103A /* UMSocialFacebookHandler.h */ = {isa = PBXFileReference; fileEncoding = 4; lastKnownFileType = sourcecode.c.h; path = UMSocialFacebookHandler.h; sourceTree = "<group>"; };
		FB7EA03B18D9600D0071103A /* libSocialTwitter.a */ = {isa = PBXFileReference; lastKnownFileType = archive.ar; path = libSocialTwitter.a; sourceTree = "<group>"; };
		FB7EA03C18D9600D0071103A /* UMSocialTwitterHandler.h */ = {isa = PBXFileReference; fileEncoding = 4; lastKnownFileType = sourcecode.c.h; path = UMSocialTwitterHandler.h; sourceTree = "<group>"; };
		FB7EA03E18D9600D0071103A /* libSocialWechat.a */ = {isa = PBXFileReference; lastKnownFileType = archive.ar; path = libSocialWechat.a; sourceTree = "<group>"; };
		FB7EA03F18D9600D0071103A /* libWeChatSDK.a */ = {isa = PBXFileReference; lastKnownFileType = archive.ar; path = libWeChatSDK.a; sourceTree = "<group>"; };
		FB7EA04018D9600D0071103A /* UMSocialWechatHandler.h */ = {isa = PBXFileReference; fileEncoding = 4; lastKnownFileType = sourcecode.c.h; path = UMSocialWechatHandler.h; sourceTree = "<group>"; };
		FB7EA04118D9600D0071103A /* WXApi.h */ = {isa = PBXFileReference; fileEncoding = 4; lastKnownFileType = sourcecode.c.h; path = WXApi.h; sourceTree = "<group>"; };
		FB7EA04218D9600D0071103A /* WXApiObject.h */ = {isa = PBXFileReference; fileEncoding = 4; lastKnownFileType = sourcecode.c.h; path = WXApiObject.h; sourceTree = "<group>"; };
		FB7EA04818DA58300071103A /* gamecenter@2x.png */ = {isa = PBXFileReference; lastKnownFileType = image.png; path = "gamecenter@2x.png"; sourceTree = "<group>"; };
		FB7EA04918DA58300071103A /* new_record@2x.png */ = {isa = PBXFileReference; lastKnownFileType = image.png; path = "new_record@2x.png"; sourceTree = "<group>"; };
		FB7EA04A18DA58300071103A /* pause@2x.png */ = {isa = PBXFileReference; lastKnownFileType = image.png; path = "pause@2x.png"; sourceTree = "<group>"; };
		FB7EA04B18DA58300071103A /* restart@2x.png */ = {isa = PBXFileReference; lastKnownFileType = image.png; path = "restart@2x.png"; sourceTree = "<group>"; };
		FB7EA04C18DA58300071103A /* share@2x.png */ = {isa = PBXFileReference; lastKnownFileType = image.png; path = "share@2x.png"; sourceTree = "<group>"; };
		FB7EA04D18DA58300071103A /* start@2x.png */ = {isa = PBXFileReference; lastKnownFileType = image.png; path = "start@2x.png"; sourceTree = "<group>"; };
		FB9AB44E18DABBE600603017 /* end_board@2x.png */ = {isa = PBXFileReference; lastKnownFileType = image.png; path = "end_board@2x.png"; sourceTree = "<group>"; };
/* End PBXFileReference section */

/* Begin PBXFrameworksBuildPhase section */
		FB6CA1CF18D5B7F500CC9538 /* Frameworks */ = {
			isa = PBXFrameworksBuildPhase;
			buildActionMask = 2147483647;
			files = (
				FB7EA00B18D959580071103A /* GameKit.framework in Frameworks */,
				FB101CB718D6E99300756057 /* SystemConfiguration.framework in Frameworks */,
				FB101CB518D6E97D00756057 /* libsqlite3.dylib in Frameworks */,
				FB101CB318D6E96600756057 /* AudioToolbox.framework in Frameworks */,
				FB101CB118D6E95D00756057 /* AVFoundation.framework in Frameworks */,
				FB101CAF18D6E92800756057 /* EventKit.framework in Frameworks */,
				FB101CAD18D6E91A00756057 /* Social.framework in Frameworks */,
				FB101CAB18D6E8E700756057 /* PassKit.framework in Frameworks */,
				FB101CA918D6E8CE00756057 /* StoreKit.framework in Frameworks */,
				FB101CA718D6E8C800756057 /* CoreLocation.framework in Frameworks */,
				FB101CA518D6E8C100756057 /* AdSupport.framework in Frameworks */,
				FB101CA318D6E8B700756057 /* CoreText.framework in Frameworks */,
				FB101CA118D6E82500756057 /* QuartzCore.framework in Frameworks */,
				FB7EA04318D9600D0071103A /* libSocialFacebook.a in Frameworks */,
				FB7EA04618D9600D0071103A /* libWeChatSDK.a in Frameworks */,
				FB101C9F18D6E81D00756057 /* MediaPlayer.framework in Frameworks */,
				FB101C9D18D6E80B00756057 /* CoreMedia.framework in Frameworks */,
				FB101C9B18D6E7F800756057 /* libz.dylib in Frameworks */,
				FB101C9918D6E7EF00756057 /* MobileCoreServices.framework in Frameworks */,
				FB101C9718D6E7E800756057 /* CFNetwork.framework in Frameworks */,
				FB101C9518D6E7E000756057 /* MessageUI.framework in Frameworks */,
				FB101C9318D6E7DB00756057 /* CoreTelephony.framework in Frameworks */,
				FB7EA04518D9600D0071103A /* libSocialWechat.a in Frameworks */,
				FB101C9118D6E7D300756057 /* Security.framework in Frameworks */,
				FB7EA04418D9600D0071103A /* libSocialTwitter.a in Frameworks */,
				FB6CA1D818D5B7F500CC9538 /* CoreGraphics.framework in Frameworks */,
				FB7EA02C18D95FC10071103A /* libUMSocial_Sdk_3.3.6.a in Frameworks */,
				FB101C8F18D6E7B300756057 /* libDomobAdSDK.a in Frameworks */,
				FB6CA1DA18D5B7F500CC9538 /* UIKit.framework in Frameworks */,
				FB6CA1D618D5B7F500CC9538 /* Foundation.framework in Frameworks */,
			);
			runOnlyForDeploymentPostprocessing = 0;
		};
		FB6CA1F018D5B7F500CC9538 /* Frameworks */ = {
			isa = PBXFrameworksBuildPhase;
			buildActionMask = 2147483647;
			files = (
				FB6CA1F518D5B7F500CC9538 /* XCTest.framework in Frameworks */,
				FB6CA1F718D5B7F500CC9538 /* UIKit.framework in Frameworks */,
				FB6CA1F618D5B7F500CC9538 /* Foundation.framework in Frameworks */,
			);
			runOnlyForDeploymentPostprocessing = 0;
		};
/* End PBXFrameworksBuildPhase section */

/* Begin PBXGroup section */
		FB101C8418D6E7B300756057 /* DomobAdSDK */ = {
			isa = PBXGroup;
			children = (
				FB101C8518D6E7B300756057 /* DMAdView.h */,
				FB101C8618D6E7B300756057 /* DMFeedsAdView.h */,
				FB101C8718D6E7B300756057 /* DMInterstitialAdController.h */,
				FB101C8818D6E7B300756057 /* DMRTSplashAdController.h */,
				FB101C8918D6E7B300756057 /* DMSplashAdController.h */,
				FB101C8A18D6E7B300756057 /* DMTools.h */,
				FB101C8B18D6E7B300756057 /* DomobAdSDKBundle */,
				FB101C8D18D6E7B300756057 /* libDomobAdSDK.a */,
			);
			path = DomobAdSDK;
			sourceTree = "<group>";
		};
		FB101C8B18D6E7B300756057 /* DomobAdSDKBundle */ = {
			isa = PBXGroup;
			children = (
				FB101C8C18D6E7B300756057 /* DomobAdSDKBundle.bundle */,
			);
			path = DomobAdSDKBundle;
			sourceTree = "<group>";
		};
		FB6CA1C918D5B7F500CC9538 = {
			isa = PBXGroup;
			children = (
				FB6CA1DB18D5B7F500CC9538 /* i2048 */,
				FB6CA1FA18D5B7F500CC9538 /* i2048Tests */,
				FB6CA1D418D5B7F500CC9538 /* Frameworks */,
				FB6CA1D318D5B7F500CC9538 /* Products */,
			);
			sourceTree = "<group>";
		};
		FB6CA1D318D5B7F500CC9538 /* Products */ = {
			isa = PBXGroup;
			children = (
				FB6CA1D218D5B7F500CC9538 /* i2048.app */,
				FB6CA1F318D5B7F500CC9538 /* i2048Tests.xctest */,
			);
			name = Products;
			sourceTree = "<group>";
		};
		FB6CA1D418D5B7F500CC9538 /* Frameworks */ = {
			isa = PBXGroup;
			children = (
				FB7EA00A18D959580071103A /* GameKit.framework */,
				FB101CB618D6E99300756057 /* SystemConfiguration.framework */,
				FB101CB418D6E97D00756057 /* libsqlite3.dylib */,
				FB101CB218D6E96600756057 /* AudioToolbox.framework */,
				FB101CB018D6E95D00756057 /* AVFoundation.framework */,
				FB101CAE18D6E92700756057 /* EventKit.framework */,
				FB101CAC18D6E91A00756057 /* Social.framework */,
				FB101CAA18D6E8E700756057 /* PassKit.framework */,
				FB101CA818D6E8CE00756057 /* StoreKit.framework */,
				FB101CA618D6E8C800756057 /* CoreLocation.framework */,
				FB101CA418D6E8C100756057 /* AdSupport.framework */,
				FB101CA218D6E8B700756057 /* CoreText.framework */,
				FB101CA018D6E82500756057 /* QuartzCore.framework */,
				FB101C9E18D6E81D00756057 /* MediaPlayer.framework */,
				FB101C9C18D6E80B00756057 /* CoreMedia.framework */,
				FB101C9A18D6E7F800756057 /* libz.dylib */,
				FB101C9818D6E7EF00756057 /* MobileCoreServices.framework */,
				FB101C9618D6E7E800756057 /* CFNetwork.framework */,
				FB101C9418D6E7E000756057 /* MessageUI.framework */,
				FB101C9218D6E7DB00756057 /* CoreTelephony.framework */,
				FB101C9018D6E7D300756057 /* Security.framework */,
				FB6CA1D518D5B7F500CC9538 /* Foundation.framework */,
				FB6CA1D718D5B7F500CC9538 /* CoreGraphics.framework */,
				FB6CA1D918D5B7F500CC9538 /* UIKit.framework */,
				FB6CA1F418D5B7F500CC9538 /* XCTest.framework */,
			);
			name = Frameworks;
			sourceTree = "<group>";
		};
		FB6CA1DB18D5B7F500CC9538 /* i2048 */ = {
			isa = PBXGroup;
			children = (
				FB7EA04718DA58300071103A /* assets */,
				FB7EA03618D9600D0071103A /* UMSocial_Sdk_Extra_Frameworks */,
				FB7EA01018D95FC10071103A /* UMSocial_Sdk_3.3.6 */,
				FB101C8418D6E7B300756057 /* DomobAdSDK */,
				FB6CA1E418D5B7F500CC9538 /* AppDelegate.h */,
				FB6CA1E518D5B7F500CC9538 /* AppDelegate.m */,
				FB6CA1E718D5B7F500CC9538 /* Main.storyboard */,
				FB6CA1EA18D5B7F500CC9538 /* ViewController.h */,
				FB6CA1EB18D5B7F500CC9538 /* ViewController.m */,
				FB7EA00F18D95A070071103A /* SynthesizeSingleton.h */,
				FB7EA00C18D959860071103A /* GameCenterManager.h */,
				FB7EA00D18D959860071103A /* GameCenterManager.m */,
				FB59A2A418D7EA3000B56D0E /* Helper.h */,
				FB59A2A518D7EA3000B56D0E /* Helper.m */,
				FB6CA1ED18D5B7F500CC9538 /* Images.xcassets */,
				FB6CA1DC18D5B7F500CC9538 /* Supporting Files */,
			);
			path = i2048;
			sourceTree = "<group>";
		};
		FB6CA1DC18D5B7F500CC9538 /* Supporting Files */ = {
			isa = PBXGroup;
			children = (
				FB6CA1DD18D5B7F500CC9538 /* i2048-Info.plist */,
				FB6CA1DE18D5B7F500CC9538 /* InfoPlist.strings */,
				FB6CA1E118D5B7F500CC9538 /* main.m */,
				FB6CA1E318D5B7F500CC9538 /* i2048-Prefix.pch */,
			);
			name = "Supporting Files";
			sourceTree = "<group>";
		};
		FB6CA1FA18D5B7F500CC9538 /* i2048Tests */ = {
			isa = PBXGroup;
			children = (
				FB6CA20018D5B7F500CC9538 /* i2048Tests.m */,
				FB6CA1FB18D5B7F500CC9538 /* Supporting Files */,
			);
			path = i2048Tests;
			sourceTree = "<group>";
		};
		FB6CA1FB18D5B7F500CC9538 /* Supporting Files */ = {
			isa = PBXGroup;
			children = (
				FB6CA1FC18D5B7F500CC9538 /* i2048Tests-Info.plist */,
				FB6CA1FD18D5B7F500CC9538 /* InfoPlist.strings */,
			);
			name = "Supporting Files";
			sourceTree = "<group>";
		};
		FB7EA01018D95FC10071103A /* UMSocial_Sdk_3.3.6 */ = {
			isa = PBXGroup;
			children = (
				FB7EA01118D95FC10071103A /* UMSocialLocalizable.strings */,
				FB7EA01318D95FC10071103A /* Header */,
				FB7EA01F18D95FC10071103A /* libUMSocial_Sdk_3.3.6.a */,
				FB7EA02018D95FC10071103A /* SocialSDKXib */,
				FB7EA02918D95FC10071103A /* UMSocialSDKResourcesNew.bundle */,
			);
			path = UMSocial_Sdk_3.3.6;
			sourceTree = "<group>";
		};
		FB7EA01318D95FC10071103A /* Header */ = {
			isa = PBXGroup;
			children = (
				FB7EA01418D95FC10071103A /* UMSocial.h */,
				FB7EA01518D95FC10071103A /* UMSocialAccountManager.h */,
				FB7EA01618D95FC10071103A /* UMSocialBar.h */,
				FB7EA01718D95FC10071103A /* UMSocialConfig.h */,
				FB7EA01818D95FC10071103A /* UMSocialControllerService.h */,
				FB7EA01918D95FC10071103A /* UMSocialControllerServiceComment.h */,
				FB7EA01A18D95FC10071103A /* UMSocialData.h */,
				FB7EA01B18D95FC10071103A /* UMSocialDataService.h */,
				FB7EA01C18D95FC10071103A /* UMSocialSnsData.h */,
				FB7EA01D18D95FC10071103A /* UMSocialSnsPlatformManager.h */,
				FB7EA01E18D95FC10071103A /* UMSocialSnsService.h */,
			);
			path = Header;
			sourceTree = "<group>";
		};
		FB7EA02018D95FC10071103A /* SocialSDKXib */ = {
			isa = PBXGroup;
			children = (
				FB7EA02118D95FC10071103A /* UMSCommentDetailController.xib */,
				FB7EA02218D95FC10071103A /* UMSCommentInputController.xib */,
				FB7EA02318D95FC10071103A /* UMSCommentInputControlleriPad.xib */,
				FB7EA02418D95FC10071103A /* UMShareEditViewController.xib */,
				FB7EA02518D95FC10071103A /* UMShareEditViewControlleriPad.xib */,
				FB7EA02618D95FC10071103A /* UMSLoginViewController.xib */,
				FB7EA02718D95FC10071103A /* UMSnsAccountViewController.xib */,
				FB7EA02818D95FC10071103A /* UMSShareListController.xib */,
			);
			path = SocialSDKXib;
			sourceTree = "<group>";
		};
		FB7EA03618D9600D0071103A /* UMSocial_Sdk_Extra_Frameworks */ = {
			isa = PBXGroup;
			children = (
				FB7EA03718D9600D0071103A /* Facebook */,
				FB7EA03A18D9600D0071103A /* Twitter */,
				FB7EA03D18D9600D0071103A /* Wechat */,
			);
			path = UMSocial_Sdk_Extra_Frameworks;
			sourceTree = "<group>";
		};
		FB7EA03718D9600D0071103A /* Facebook */ = {
			isa = PBXGroup;
			children = (
				FB7EA03818D9600D0071103A /* libSocialFacebook.a */,
				FB7EA03918D9600D0071103A /* UMSocialFacebookHandler.h */,
			);
			path = Facebook;
			sourceTree = "<group>";
		};
		FB7EA03A18D9600D0071103A /* Twitter */ = {
			isa = PBXGroup;
			children = (
				FB7EA03B18D9600D0071103A /* libSocialTwitter.a */,
				FB7EA03C18D9600D0071103A /* UMSocialTwitterHandler.h */,
			);
			path = Twitter;
			sourceTree = "<group>";
		};
		FB7EA03D18D9600D0071103A /* Wechat */ = {
			isa = PBXGroup;
			children = (
				FB7EA03E18D9600D0071103A /* libSocialWechat.a */,
				FB7EA03F18D9600D0071103A /* libWeChatSDK.a */,
				FB7EA04018D9600D0071103A /* UMSocialWechatHandler.h */,
				FB7EA04118D9600D0071103A /* WXApi.h */,
				FB7EA04218D9600D0071103A /* WXApiObject.h */,
			);
			path = Wechat;
			sourceTree = "<group>";
		};
		FB7EA04718DA58300071103A /* assets */ = {
			isa = PBXGroup;
			children = (
				FB7EA04818DA58300071103A /* gamecenter@2x.png */,
				FB9AB44E18DABBE600603017 /* end_board@2x.png */,
				FB7EA04918DA58300071103A /* new_record@2x.png */,
				FB7EA04A18DA58300071103A /* pause@2x.png */,
				FB7EA04B18DA58300071103A /* restart@2x.png */,
				FB7EA04C18DA58300071103A /* share@2x.png */,
				FB7EA04D18DA58300071103A /* start@2x.png */,
			);
			path = assets;
			sourceTree = "<group>";
		};
/* End PBXGroup section */

/* Begin PBXNativeTarget section */
		FB6CA1D118D5B7F500CC9538 /* i2048 */ = {
			isa = PBXNativeTarget;
			buildConfigurationList = FB6CA20418D5B7F500CC9538 /* Build configuration list for PBXNativeTarget "i2048" */;
			buildPhases = (
				FB6CA1CE18D5B7F500CC9538 /* Sources */,
				FB6CA1CF18D5B7F500CC9538 /* Frameworks */,
				FB6CA1D018D5B7F500CC9538 /* Resources */,
			);
			buildRules = (
			);
			dependencies = (
			);
			name = i2048;
			productName = i2048;
			productReference = FB6CA1D218D5B7F500CC9538 /* i2048.app */;
			productType = "com.apple.product-type.application";
		};
		FB6CA1F218D5B7F500CC9538 /* i2048Tests */ = {
			isa = PBXNativeTarget;
			buildConfigurationList = FB6CA20718D5B7F500CC9538 /* Build configuration list for PBXNativeTarget "i2048Tests" */;
			buildPhases = (
				FB6CA1EF18D5B7F500CC9538 /* Sources */,
				FB6CA1F018D5B7F500CC9538 /* Frameworks */,
				FB6CA1F118D5B7F500CC9538 /* Resources */,
			);
			buildRules = (
			);
			dependencies = (
				FB6CA1F918D5B7F500CC9538 /* PBXTargetDependency */,
			);
			name = i2048Tests;
			productName = i2048Tests;
			productReference = FB6CA1F318D5B7F500CC9538 /* i2048Tests.xctest */;
			productType = "com.apple.product-type.bundle.unit-test";
		};
/* End PBXNativeTarget section */

/* Begin PBXProject section */
		FB6CA1CA18D5B7F500CC9538 /* Project object */ = {
			isa = PBXProject;
			attributes = {
				LastUpgradeCheck = 0510;
				ORGANIZATIONNAME = 1010.am;
				TargetAttributes = {
					FB6CA1D118D5B7F500CC9538 = {
						DevelopmentTeam = 67598WYJND;
					};
					FB6CA1F218D5B7F500CC9538 = {
						TestTargetID = FB6CA1D118D5B7F500CC9538;
					};
				};
			};
			buildConfigurationList = FB6CA1CD18D5B7F500CC9538 /* Build configuration list for PBXProject "i2048" */;
			compatibilityVersion = "Xcode 3.2";
			developmentRegion = English;
			hasScannedForEncodings = 0;
			knownRegions = (
				en,
				Base,
				"zh-Hans",
			);
			mainGroup = FB6CA1C918D5B7F500CC9538;
			productRefGroup = FB6CA1D318D5B7F500CC9538 /* Products */;
			projectDirPath = "";
			projectRoot = "";
			targets = (
				FB6CA1D118D5B7F500CC9538 /* i2048 */,
				FB6CA1F218D5B7F500CC9538 /* i2048Tests */,
			);
		};
/* End PBXProject section */

/* Begin PBXResourcesBuildPhase section */
		FB6CA1D018D5B7F500CC9538 /* Resources */ = {
			isa = PBXResourcesBuildPhase;
			buildActionMask = 2147483647;
			files = (
				FB7EA03118D95FC10071103A /* UMShareEditViewControlleriPad.xib in Resources */,
				FB7EA03318D95FC10071103A /* UMSnsAccountViewController.xib in Resources */,
				FB7EA02E18D95FC10071103A /* UMSCommentInputController.xib in Resources */,
				FB7EA05318DA58300071103A /* start@2x.png in Resources */,
				FB7EA02D18D95FC10071103A /* UMSCommentDetailController.xib in Resources */,
				FB6CA1EE18D5B7F500CC9538 /* Images.xcassets in Resources */,
				FB101C8E18D6E7B300756057 /* DomobAdSDKBundle.bundle in Resources */,
				FB9AB44F18DABBE600603017 /* end_board@2x.png in Resources */,
				FB7EA05218DA58300071103A /* share@2x.png in Resources */,
				FB7EA04F18DA58300071103A /* new_record@2x.png in Resources */,
				FB7EA03518D95FC10071103A /* UMSocialSDKResourcesNew.bundle in Resources */,
				FB7EA02F18D95FC10071103A /* UMSCommentInputControlleriPad.xib in Resources */,
				FB7EA03018D95FC10071103A /* UMShareEditViewController.xib in Resources */,
				FB7EA03418D95FC10071103A /* UMSShareListController.xib in Resources */,
				FB7EA02B18D95FC10071103A /* UMSocialLocalizable.strings in Resources */,
				FB6CA1E018D5B7F500CC9538 /* InfoPlist.strings in Resources */,
				FB7EA05118DA58300071103A /* restart@2x.png in Resources */,
				FB7EA04E18DA58300071103A /* gamecenter@2x.png in Resources */,
				FB6CA1E918D5B7F500CC9538 /* Main.storyboard in Resources */,
				FB7EA05018DA58300071103A /* pause@2x.png in Resources */,
				FB7EA03218D95FC10071103A /* UMSLoginViewController.xib in Resources */,
			);
			runOnlyForDeploymentPostprocessing = 0;
		};
		FB6CA1F118D5B7F500CC9538 /* Resources */ = {
			isa = PBXResourcesBuildPhase;
			buildActionMask = 2147483647;
			files = (
				FB6CA1FF18D5B7F500CC9538 /* InfoPlist.strings in Resources */,
			);
			runOnlyForDeploymentPostprocessing = 0;
		};
/* End PBXResourcesBuildPhase section */

/* Begin PBXSourcesBuildPhase section */
		FB6CA1CE18D5B7F500CC9538 /* Sources */ = {
			isa = PBXSourcesBuildPhase;
			buildActionMask = 2147483647;
			files = (
				FB6CA1EC18D5B7F500CC9538 /* ViewController.m in Sources */,
				FB7EA00E18D959860071103A /* GameCenterManager.m in Sources */,
				FB6CA1E618D5B7F500CC9538 /* AppDelegate.m in Sources */,
				FB6CA1E218D5B7F500CC9538 /* main.m in Sources */,
				FB59A2A618D7EA3000B56D0E /* Helper.m in Sources */,
			);
			runOnlyForDeploymentPostprocessing = 0;
		};
		FB6CA1EF18D5B7F500CC9538 /* Sources */ = {
			isa = PBXSourcesBuildPhase;
			buildActionMask = 2147483647;
			files = (
				FB6CA20118D5B7F500CC9538 /* i2048Tests.m in Sources */,
			);
			runOnlyForDeploymentPostprocessing = 0;
		};
/* End PBXSourcesBuildPhase section */

/* Begin PBXTargetDependency section */
		FB6CA1F918D5B7F500CC9538 /* PBXTargetDependency */ = {
			isa = PBXTargetDependency;
			target = FB6CA1D118D5B7F500CC9538 /* i2048 */;
			targetProxy = FB6CA1F818D5B7F500CC9538 /* PBXContainerItemProxy */;
		};
/* End PBXTargetDependency section */

/* Begin PBXVariantGroup section */
		FB6CA1DE18D5B7F500CC9538 /* InfoPlist.strings */ = {
			isa = PBXVariantGroup;
			children = (
				FB6CA1DF18D5B7F500CC9538 /* en */,
			);
			name = InfoPlist.strings;
			sourceTree = "<group>";
		};
		FB6CA1E718D5B7F500CC9538 /* Main.storyboard */ = {
			isa = PBXVariantGroup;
			children = (
				FB6CA1E818D5B7F500CC9538 /* Base */,
			);
			name = Main.storyboard;
			sourceTree = "<group>";
		};
		FB6CA1FD18D5B7F500CC9538 /* InfoPlist.strings */ = {
			isa = PBXVariantGroup;
			children = (
				FB6CA1FE18D5B7F500CC9538 /* en */,
			);
			name = InfoPlist.strings;
			sourceTree = "<group>";
		};
		FB7EA01118D95FC10071103A /* UMSocialLocalizable.strings */ = {
			isa = PBXVariantGroup;
			children = (
				FB7EA01218D95FC10071103A /* en */,
				FB7EA02A18D95FC10071103A /* zh-Hans */,
			);
			name = UMSocialLocalizable.strings;
			sourceTree = "<group>";
		};
/* End PBXVariantGroup section */

/* Begin XCBuildConfiguration section */
		FB6CA20218D5B7F500CC9538 /* Debug */ = {
			isa = XCBuildConfiguration;
			buildSettings = {
				ALWAYS_SEARCH_USER_PATHS = NO;
				CLANG_CXX_LANGUAGE_STANDARD = "gnu++0x";
				CLANG_CXX_LIBRARY = "libc++";
				CLANG_ENABLE_MODULES = YES;
				CLANG_ENABLE_OBJC_ARC = YES;
				CLANG_WARN_BOOL_CONVERSION = YES;
				CLANG_WARN_CONSTANT_CONVERSION = YES;
				CLANG_WARN_DIRECT_OBJC_ISA_USAGE = YES_ERROR;
				CLANG_WARN_EMPTY_BODY = YES;
				CLANG_WARN_ENUM_CONVERSION = YES;
				CLANG_WARN_INT_CONVERSION = YES;
				CLANG_WARN_OBJC_ROOT_CLASS = YES_ERROR;
				CLANG_WARN__DUPLICATE_METHOD_MATCH = YES;
				"CODE_SIGN_IDENTITY[sdk=iphoneos*]" = "iPhone Developer";
				COPY_PHASE_STRIP = NO;
				GCC_C_LANGUAGE_STANDARD = gnu99;
				GCC_DYNAMIC_NO_PIC = NO;
				GCC_OPTIMIZATION_LEVEL = 0;
				GCC_PREPROCESSOR_DEFINITIONS = (
					"DEBUG=1",
					"$(inherited)",
				);
				GCC_SYMBOLS_PRIVATE_EXTERN = NO;
				GCC_WARN_64_TO_32_BIT_CONVERSION = YES;
				GCC_WARN_ABOUT_RETURN_TYPE = YES_ERROR;
				GCC_WARN_UNDECLARED_SELECTOR = YES;
				GCC_WARN_UNINITIALIZED_AUTOS = YES_AGGRESSIVE;
				GCC_WARN_UNUSED_FUNCTION = YES;
				GCC_WARN_UNUSED_VARIABLE = YES;
				IPHONEOS_DEPLOYMENT_TARGET = 7.1;
				ONLY_ACTIVE_ARCH = NO;
				SDKROOT = iphoneos;
				VALID_ARCHS = "armv7 armv7s";
			};
			name = Debug;
		};
		FB6CA20318D5B7F500CC9538 /* Release */ = {
			isa = XCBuildConfiguration;
			buildSettings = {
				ALWAYS_SEARCH_USER_PATHS = NO;
				CLANG_CXX_LANGUAGE_STANDARD = "gnu++0x";
				CLANG_CXX_LIBRARY = "libc++";
				CLANG_ENABLE_MODULES = YES;
				CLANG_ENABLE_OBJC_ARC = YES;
				CLANG_WARN_BOOL_CONVERSION = YES;
				CLANG_WARN_CONSTANT_CONVERSION = YES;
				CLANG_WARN_DIRECT_OBJC_ISA_USAGE = YES_ERROR;
				CLANG_WARN_EMPTY_BODY = YES;
				CLANG_WARN_ENUM_CONVERSION = YES;
				CLANG_WARN_INT_CONVERSION = YES;
				CLANG_WARN_OBJC_ROOT_CLASS = YES_ERROR;
				CLANG_WARN__DUPLICATE_METHOD_MATCH = YES;
				"CODE_SIGN_IDENTITY[sdk=iphoneos*]" = "iPhone Developer";
				COPY_PHASE_STRIP = YES;
				ENABLE_NS_ASSERTIONS = NO;
				GCC_C_LANGUAGE_STANDARD = gnu99;
				GCC_WARN_64_TO_32_BIT_CONVERSION = YES;
				GCC_WARN_ABOUT_RETURN_TYPE = YES_ERROR;
				GCC_WARN_UNDECLARED_SELECTOR = YES;
				GCC_WARN_UNINITIALIZED_AUTOS = YES_AGGRESSIVE;
				GCC_WARN_UNUSED_FUNCTION = YES;
				GCC_WARN_UNUSED_VARIABLE = YES;
				IPHONEOS_DEPLOYMENT_TARGET = 7.1;
				SDKROOT = iphoneos;
				VALIDATE_PRODUCT = YES;
				VALID_ARCHS = "armv7 armv7s";
			};
			name = Release;
		};
		FB6CA20518D5B7F500CC9538 /* Debug */ = {
			isa = XCBuildConfiguration;
			buildSettings = {
				ASSETCATALOG_COMPILER_APPICON_NAME = AppIcon;
				ASSETCATALOG_COMPILER_LAUNCHIMAGE_NAME = LaunchImage;
				CODE_SIGN_IDENTITY = "iPhone Developer";
				GCC_PRECOMPILE_PREFIX_HEADER = YES;
				GCC_PREFIX_HEADER = "i2048/i2048-Prefix.pch";
				INFOPLIST_FILE = "i2048/i2048-Info.plist";
				IPHONEOS_DEPLOYMENT_TARGET = 6.0;
				LIBRARY_SEARCH_PATHS = (
					"$(inherited)",
					"$(PROJECT_DIR)/i2048/DomobAdSDK",
					"$(PROJECT_DIR)/i2048/UMSocial_Sdk_3.3.6",
					"$(PROJECT_DIR)/i2048/UMSocial_Sdk_Extra_Frameworks/Facebook",
					"$(PROJECT_DIR)/i2048/UMSocial_Sdk_Extra_Frameworks/Twitter",
					"$(PROJECT_DIR)/i2048/UMSocial_Sdk_Extra_Frameworks/Wechat",
				);
				ONLY_ACTIVE_ARCH = NO;
				OTHER_LDFLAGS = (
					"-Objc",
					"-all_load",
				);
				PRODUCT_NAME = "$(TARGET_NAME)";
				WRAPPER_EXTENSION = app;
			};
			name = Debug;
		};
		FB6CA20618D5B7F500CC9538 /* Release */ = {
			isa = XCBuildConfiguration;
			buildSettings = {
				ASSETCATALOG_COMPILER_APPICON_NAME = AppIcon;
				ASSETCATALOG_COMPILER_LAUNCHIMAGE_NAME = LaunchImage;
				CODE_SIGN_IDENTITY = "iPhone Developer";
				GCC_PRECOMPILE_PREFIX_HEADER = YES;
				GCC_PREFIX_HEADER = "i2048/i2048-Prefix.pch";
				INFOPLIST_FILE = "i2048/i2048-Info.plist";
				IPHONEOS_DEPLOYMENT_TARGET = 6.0;
				LIBRARY_SEARCH_PATHS = (
					"$(inherited)",
					"$(PROJECT_DIR)/i2048/DomobAdSDK",
					"$(PROJECT_DIR)/i2048/UMSocial_Sdk_3.3.6",
					"$(PROJECT_DIR)/i2048/UMSocial_Sdk_Extra_Frameworks/Facebook",
					"$(PROJECT_DIR)/i2048/UMSocial_Sdk_Extra_Frameworks/Twitter",
					"$(PROJECT_DIR)/i2048/UMSocial_Sdk_Extra_Frameworks/Wechat",
				);
				OTHER_LDFLAGS = (
					"-Objc",
					"-all_load",
				);
				PRODUCT_NAME = "$(TARGET_NAME)";
				WRAPPER_EXTENSION = app;
			};
			name = Release;
		};
		FB6CA20818D5B7F500CC9538 /* Debug */ = {
			isa = XCBuildConfiguration;
			buildSettings = {
				BUNDLE_LOADER = "$(BUILT_PRODUCTS_DIR)/i2048.app/i2048";
				FRAMEWORK_SEARCH_PATHS = (
					"$(SDKROOT)/Developer/Library/Frameworks",
					"$(inherited)",
					"$(DEVELOPER_FRAMEWORKS_DIR)",
				);
				GCC_PRECOMPILE_PREFIX_HEADER = YES;
				GCC_PREFIX_HEADER = "i2048/i2048-Prefix.pch";
				GCC_PREPROCESSOR_DEFINITIONS = (
					"DEBUG=1",
					"$(inherited)",
				);
				INFOPLIST_FILE = "i2048Tests/i2048Tests-Info.plist";
				PRODUCT_NAME = "$(TARGET_NAME)";
				TEST_HOST = "$(BUNDLE_LOADER)";
				WRAPPER_EXTENSION = xctest;
			};
			name = Debug;
		};
		FB6CA20918D5B7F500CC9538 /* Release */ = {
			isa = XCBuildConfiguration;
			buildSettings = {
				BUNDLE_LOADER = "$(BUILT_PRODUCTS_DIR)/i2048.app/i2048";
				FRAMEWORK_SEARCH_PATHS = (
					"$(SDKROOT)/Developer/Library/Frameworks",
					"$(inherited)",
					"$(DEVELOPER_FRAMEWORKS_DIR)",
				);
				GCC_PRECOMPILE_PREFIX_HEADER = YES;
				GCC_PREFIX_HEADER = "i2048/i2048-Prefix.pch";
				INFOPLIST_FILE = "i2048Tests/i2048Tests-Info.plist";
				PRODUCT_NAME = "$(TARGET_NAME)";
				TEST_HOST = "$(BUNDLE_LOADER)";
				WRAPPER_EXTENSION = xctest;
			};
			name = Release;
		};
/* End XCBuildConfiguration section */

/* Begin XCConfigurationList section */
		FB6CA1CD18D5B7F500CC9538 /* Build configuration list for PBXProject "i2048" */ = {
			isa = XCConfigurationList;
			buildConfigurations = (
				FB6CA20218D5B7F500CC9538 /* Debug */,
				FB6CA20318D5B7F500CC9538 /* Release */,
			);
			defaultConfigurationIsVisible = 0;
			defaultConfigurationName = Release;
		};
		FB6CA20418D5B7F500CC9538 /* Build configuration list for PBXNativeTarget "i2048" */ = {
			isa = XCConfigurationList;
			buildConfigurations = (
				FB6CA20518D5B7F500CC9538 /* Debug */,
				FB6CA20618D5B7F500CC9538 /* Release */,
			);
			defaultConfigurationIsVisible = 0;
			defaultConfigurationName = Release;
		};
		FB6CA20718D5B7F500CC9538 /* Build configuration list for PBXNativeTarget "i2048Tests" */ = {
			isa = XCConfigurationList;
			buildConfigurations = (
				FB6CA20818D5B7F500CC9538 /* Debug */,
				FB6CA20918D5B7F500CC9538 /* Release */,
			);
			defaultConfigurationIsVisible = 0;
			defaultConfigurationName = Release;
		};
/* End XCConfigurationList section */
	};
	rootObject = FB6CA1CA18D5B7F500CC9538 /* Project object */;
}
